// !$*UTF8*$!
{
	archiveVersion = 1;
	classes = {
	};
	objectVersion = 46;
	objects = {

/* Begin PBXBuildFile section */
		70EAC7191B7BA4B200E0A672 /* main.m in Sources */ = {isa = PBXBuildFile; fileRef = 70EAC7181B7BA4B200E0A672 /* main.m */; };
/* End PBXBuildFile section */

/* Begin PBXCopyFilesBuildPhase section */
		70EAC7131B7BA4B200E0A672 /* CopyFiles */ = {
			isa = PBXCopyFilesBuildPhase;
			buildActionMask = 2147483647;
			dstPath = /usr/share/man/man1/;
			dstSubfolderSpec = 0;
			files = (
			);
			runOnlyForDeploymentPostprocessing = 1;
		};
/* End PBXCopyFilesBuildPhase section */

/* Begin PBXFileReference section */
		70EAC7151B7BA4B200E0A672 /* replist */ = {isa = PBXFileReference; explicitFileType = "compiled.mach-o.executable"; includeInIndex = 0; path = replist; sourceTree = BUILT_PRODUCTS_DIR; };
		70EAC7181B7BA4B200E0A672 /* main.m */ = {isa = PBXFileReference; lastKnownFileType = sourcecode.c.objc; path = main.m; sourceTree = "<group>"; };
/* End PBXFileReference section */

/* Begin PBXFrameworksBuildPhase section */
		70EAC7121B7BA4B200E0A672 /* Frameworks */ = {
			isa = PBXFrameworksBuildPhase;
			buildActionMask = 2147483647;
			files = (
			);
			runOnlyForDeploymentPostprocessing = 0;
		};
/* End PBXFrameworksBuildPhase section */

/* Begin PBXGroup section */
		70EAC70C1B7BA4B200E0A672 = {
			isa = PBXGroup;
			children = (
				70EAC7171B7BA4B200E0A672 /* replist */,
				70EAC7161B7BA4B200E0A672 /* Products */,
			);
			sourceTree = "<group>";
		};
		70EAC7161B7BA4B200E0A672 /* Products */ = {
			isa = PBXGroup;
			children = (
				70EAC7151B7BA4B200E0A672 /* replist */,
			);
			name = Products;
			sourceTree = "<group>";
		};
		70EAC7171B7BA4B200E0A672 /* replist */ = {
			isa = PBXGroup;
			children = (
				70EAC7181B7BA4B200E0A672 /* main.m */,
			);
			path = replist;
			sourceTree = "<group>";
		};
/* End PBXGroup section */

/* Begin PBXNativeTarget section */
		70EAC7141B7BA4B200E0A672 /* replist */ = {
			isa = PBXNativeTarget;
			buildConfigurationList = 70EAC71C1B7BA4B200E0A672 /* Build configuration list for PBXNativeTarget "replist" */;
			buildPhases = (
				70EAC7111B7BA4B200E0A672 /* Sources */,
				70EAC7121B7BA4B200E0A672 /* Frameworks */,
				70EAC7131B7BA4B200E0A672 /* CopyFiles */,
			);
			buildRules = (
			);
			dependencies = (
			);
			name = replist;
			productName = replist;
			productReference = 70EAC7151B7BA4B200E0A672 /* replist */;
			productType = "com.apple.product-type.tool";
		};
/* End PBXNativeTarget section */

/* Begin PBXProject section */
		70EAC70D1B7BA4B200E0A672 /* Project object */ = {
			isa = PBXProject;
			attributes = {
				LastUpgradeCheck = 0620;
				ORGANIZATIONNAME = CodeHex;
				TargetAttributes = {
					70EAC7141B7BA4B200E0A672 = {
						CreatedOnToolsVersion = 6.2;
					};
				};
			};
			buildConfigurationList = 70EAC7101B7BA4B200E0A672 /* Build configuration list for PBXProject "replist" */;
			compatibilityVersion = "Xcode 3.2";
			developmentRegion = English;
			hasScannedForEncodings = 0;
			knownRegions = (
				en,
			);
			mainGroup = 70EAC70C1B7BA4B200E0A672;
			productRefGroup = 70EAC7161B7BA4B200E0A672 /* Products */;
			projectDirPath = "";
			projectRoot = "";
			targets = (
				70EAC7141B7BA4B200E0A672 /* replist */,
			);
		};
/* End PBXProject section */

/* Begin PBXSourcesBuildPhase section */
		70EAC7111B7BA4B200E0A672 /* Sources */ = {
			isa = PBXSourcesBuildPhase;
			buildActionMask = 2147483647;
			files = (
				70EAC7191B7BA4B200E0A672 /* main.m in Sources */,
			);
			runOnlyForDeploymentPostprocessing = 0;
		};
/* End PBXSourcesBuildPhase section */

/* Begin XCBuildConfiguration section */
		70EAC71A1B7BA4B200E0A672 /* Debug */ = {
			isa = XCBuildConfiguration;
			buildSettings = {
				ALWAYS_SEARCH_USER_PATHS = NO;
				CLANG_CXX_LANGUAGE_STANDARD = "gnu++0x";
				CLANG_CXX_LIBRARY = "libc++";
				CLANG_ENABLE_MODULES = YES;
				CLANG_ENABLE_OBJC_ARC = YES;
				CLANG_WARN_BOOL_CONVERSION = YES;
				CLANG_WARN_CONSTANT_CONVERSION = YES;
				CLANG_WARN_DIRECT_OBJC_ISA_USAGE = YES_ERROR;
				CLANG_WARN_EMPTY_BODY = YES;
				CLANG_WARN_ENUM_CONVERSION = YES;
				CLANG_WARN_INT_CONVERSION = YES;
				CLANG_WARN_OBJC_ROOT_CLASS = YES_ERROR;
				CLANG_WARN_UNREACHABLE_CODE = YES;
				CLANG_WARN__DUPLICATE_METHOD_MATCH = YES;
				COPY_PHASE_STRIP = NO;
				ENABLE_STRICT_OBJC_MSGSEND = YES;
				GCC_C_LANGUAGE_STANDARD = gnu99;
				GCC_DYNAMIC_NO_PIC = NO;
				GCC_OPTIMIZATION_LEVEL = 0;
				GCC_PREPROCESSOR_DEFINITIONS = (
					"DEBUG=1",
					"$(inherited)",
				);
				GCC_SYMBOLS_PRIVATE_EXTERN = NO;
				GCC_WARN_64_TO_32_BIT_CONVERSION = YES;
				GCC_WARN_ABOUT_RETURN_TYPE = YES_ERROR;
				GCC_WARN_UNDECLARED_SELECTOR = YES;
				GCC_WARN_UNINITIALIZED_AUTOS = YES_AGGRESSIVE;
				GCC_WARN_UNUSED_FUNCTION = YES;
				GCC_WARN_UNUSED_VARIABLE = YES;
				MACOSX_DEPLOYMENT_TARGET = 10.9;
				MTL_ENABLE_DEBUG_INFO = YES;
				ONLY_ACTIVE_ARCH = YES;
				SDKROOT = macosx;
			};
			name = Debug;
		};
		70EAC71B1B7BA4B200E0A672 /* Release */ = {
			isa = XCBuildConfiguration;
			buildSettings = {
				ALWAYS_SEARCH_USER_PATHS = NO;
				CLANG_CXX_LANGUAGE_STANDARD = "gnu++0x";
				CLANG_CXX_LIBRARY = "libc++";
				CLANG_ENABLE_MODULES = YES;
				CLANG_ENABLE_OBJC_ARC = YES;
				CLANG_WARN_BOOL_CONVERSION = YES;
				CLANG_WARN_CONSTANT_CONVERSION = YES;
				CLANG_WARN_DIRECT_OBJC_ISA_USAGE = YES_ERROR;
				CLANG_WARN_EMPTY_BODY = YES;
				CLANG_WARN_ENUM_CONVERSION = YES;
				CLANG_WARN_INT_CONVERSION = YES;
				CLANG_WARN_OBJC_ROOT_CLASS = YES_ERROR;
				CLANG_WARN_UNREACHABLE_CODE = YES;
				CLANG_WARN__DUPLICATE_METHOD_MATCH = YES;
				COPY_PHASE_STRIP = NO;
				DEBUG_INFORMATION_FORMAT = "dwarf-with-dsym";
				ENABLE_NS_ASSERTIONS = NO;
				ENABLE_STRICT_OBJC_MSGSEND = YES;
				GCC_C_LANGUAGE_STANDARD = gnu99;
				GCC_WARN_64_TO_32_BIT_CONVERSION = YES;
				GCC_WARN_ABOUT_RETURN_TYPE = YES_ERROR;
				GCC_WARN_UNDECLARED_SELECTOR = YES;
				GCC_WARN_UNINITIALIZED_AUTOS = YES_AGGRESSIVE;
				GCC_WARN_UNUSED_FUNCTION = YES;
				GCC_WARN_UNUSED_VARIABLE = YES;
				MACOSX_DEPLOYMENT_TARGET = 10.9;
				MTL_ENABLE_DEBUG_INFO = NO;
				SDKROOT = macosx;
			};
			name = Release;
		};
		70EAC71D1B7BA4B200E0A672 /* Debug */ = {
			isa = XCBuildConfiguration;
			buildSettings = {
				PRODUCT_NAME = "$(TARGET_NAME)";
			};
			name = Debug;
		};
		70EAC71E1B7BA4B200E0A672 /* Release */ = {
			isa = XCBuildConfiguration;
			buildSettings = {
				PRODUCT_NAME = "$(TARGET_NAME)";
			};
			name = Release;
		};
/* End XCBuildConfiguration section */

/* Begin XCConfigurationList section */
		70EAC7101B7BA4B200E0A672 /* Build configuration list for PBXProject "replist" */ = {
			isa = XCConfigurationList;
			buildConfigurations = (
				70EAC71A1B7BA4B200E0A672 /* Debug */,
				70EAC71B1B7BA4B200E0A672 /* Release */,
			);
			defaultConfigurationIsVisible = 0;
			defaultConfigurationName = Release;
		};
		70EAC71C1B7BA4B200E0A672 /* Build configuration list for PBXNativeTarget "replist" */ = {
			isa = XCConfigurationList;
			buildConfigurations = (
				70EAC71D1B7BA4B200E0A672 /* Debug */,
				70EAC71E1B7BA4B200E0A672 /* Release */,
			);
			defaultConfigurationIsVisible = 0;
		};
/* End XCConfigurationList section */
	};
	rootObject = 70EAC70D1B7BA4B200E0A672 /* Project object */;
}
